
Microsoft Visual Studio Solution File, Format Version 12.00
# Visual Studio Version 17
VisualStudioVersion = 17.8.34525.116
MinimumVisualStudioVersion = 10.0.40219.1
Project("{9A19103F-16F7-4668-BE54-9A1E7A4F7556}") = "Sauce_demo", "XYZBank_Test_project_OY\Sauce_demo.csproj", "{DE7ECF57-DDCF-4EAE-987B-47255AF05298}"
EndProject
Global
	GlobalSection(SolutionConfigurationPlatforms) = preSolution
		Debug|Any CPU = Debug|Any CPU
		Release|Any CPU = Release|Any CPU
	EndGlobalSection
	GlobalSection(ProjectConfigurationPlatforms) = postSolution
		{DE7ECF57-DDCF-4EAE-987B-47255AF05298}.Debug|Any CPU.ActiveCfg = Debug|Any CPU
		{DE7ECF57-DDCF-4EAE-987B-47255AF05298}.Debug|Any CPU.Build.0 = Debug|Any CPU
		{DE7ECF57-DDCF-4EAE-987B-47255AF05298}.Release|Any CPU.ActiveCfg = Release|Any CPU
		{DE7ECF57-DDCF-4EAE-987B-47255AF05298}.Release|Any CPU.Build.0 = Release|Any CPU
	EndGlobalSection
	GlobalSection(SolutionProperties) = preSolution
		HideSolutionNode = FALSE
	EndGlobalSection
	GlobalSection(ExtensibilityGlobals) = postSolution
		SolutionGuid = {740C6CC2-4337-4171-8088-128B5CB78094}
	EndGlobalSection
EndGlobal
